{
  "name": "indicative",
  "version": "6.0.1",
  "lockfileVersion": 1,
  "requires": true,
  "dependencies": {
    "benchmark": {
      "version": "2.1.4",
      "resolved": "https://registry.npmjs.org/benchmark/-/benchmark-2.1.4.tgz",
      "integrity": "sha1-CfPeMckWQl1JjMLuVloOvzwqVik=",
      "dev": true,
      "requires": {
        "lodash": "^4.17.4",
        "platform": "^1.3.3"
      }
    },
    "date-fns": {
      "version": "1.30.1",
      "resolved": "https://registry.npmjs.org/date-fns/-/date-fns-1.30.1.tgz",
      "integrity": "sha512-hBSVCvSmWC+QypYObzwGOd9wqdDpOt+0wl0KbU+R+uuZBS1jN8VsD1ss3irQDknRj5NvxiTF6oj/nDRnN/UQNw=="
    },
    "indicative-compiler": {
      "version": "6.0.0",
      "resolved": "https://registry.npmjs.org/indicative-compiler/-/indicative-compiler-6.0.0.tgz",
      "integrity": "sha512-XaoAEZ+jX/0ueLziCvAGxCGeGNTlAy94nCzaWthepzgGK8VbpkJTLGMhjeOiRyznN5EqSa0A5izTOVlA7jI6RA=="
    },
    "indicative-formatters": {
      "version": "6.0.1",
      "resolved": "https://registry.npmjs.org/indicative-formatters/-/indicative-formatters-6.0.1.tgz",
      "integrity": "sha512-J12zCZiOdV/GZsRaY2qmzXEql367uZ+wVPeYHwenBTazUt/BRUNniTrZc6S6A8JXtm4phJs8W8JHZW9J0c4qYw=="
    },
    "indicative-rules": {
      "version": "6.0.0",
      "resolved": "https://registry.npmjs.org/indicative-rules/-/indicative-rules-6.0.0.tgz",
      "integrity": "sha512-CS2A2xBvVFrecFdkNiVf6tbFKZrRW8T0iwxH+7UopYZa7vpbx6NGIcW+kp+qNipMTqTdet6wvxZrhZO78Afw/w==",
      "requires": {
        "date-fns": "^1.30.1",
        "validator": "^10.11.0"
      }
    },
    "lodash": {
      "version": "4.17.11",
      "resolved": "https://registry.npmjs.org/lodash/-/lodash-4.17.11.tgz",
      "integrity": "sha512-cQKh8igo5QUhZ7lg38DYWAxMvjSAKG0A8wGSVimP07SIUEK2UO+arSRKbRZWtelMtN5V0Hkwh5ryOto/SshYIg==",
      "dev": true
    },
    "platform": {
      "version": "1.3.5",
      "resolved": "https://registry.npmjs.org/platform/-/platform-1.3.5.tgz",
      "integrity": "sha512-TuvHS8AOIZNAlE77WUDiR4rySV/VMptyMfcfeoMgs4P8apaZM3JrnbzBiixKUv+XR6i+BXrQh8WAnjaSPFO65Q==",
      "dev": true
    },
    "validator": {
      "version": "10.11.0",
      "resolved": "https://registry.npmjs.org/validator/-/validator-10.11.0.tgz",
      "integrity": "sha512-X/p3UZerAIsbBfN/IwahhYaBbY68EN/UQBWHtsbXGT5bfrH/p4NQzUCG1kF/rtKaNpnJ7jAu6NGTdSNtyNIXMw=="
    }
  }
}
