{
	"name": "indicative-parser",
	"version": "5.0.8",
	"lockfileVersion": 1,
	"requires": true,
	"dependencies": {
		"haye": {
			"version": "2.0.2",
			"resolved": "https://registry.npmjs.org/haye/-/haye-2.0.2.tgz",
			"integrity": "sha512-C+jeFipAuwLLmQziwQrXuHzUIihDzqoLpCpwDWYFQVCIyqi5ZvC+4YtzawPTmd1tIKo0ULf+4P0Mw8irUdXIpg==",
			"dev": true
		}
	}
}
