{
	"name": "indicative-rules",
	"version": "5.0.8",
	"lockfileVersion": 1,
	"requires": true,
	"dependencies": {
		"@slynova/slug": {
			"version": "1.1.2",
			"resolved": "https://registry.npmjs.org/@slynova/slug/-/slug-1.1.2.tgz",
			"integrity": "sha512-lFJRP4rqRxqxMjEnIih84jvQC6Xc4a3Yi0Z3gbemWOJX60HBBqEFfFrudmYYA+ga46b6Gxv7ofguZ9+ghl1EMg==",
			"requires": {
				"charmap": "^1.1.6",
				"lodash.kebabcase": "^4.1.1"
			}
		},
		"charmap": {
			"version": "1.1.6",
			"resolved": "https://registry.npmjs.org/charmap/-/charmap-1.1.6.tgz",
			"integrity": "sha512-BfgDyIZOETYrvthjHHLY44S3s21o/VRZoLBSbJbbMs/k2XluBvdayklV4BBs4tB0MgiUgAPRWoOkYeBLk58R1w==",
			"requires": {
				"es6-object-assign": "^1.1.0"
			}
		},
		"date-fns": {
			"version": "1.30.1",
			"resolved": "https://registry.npmjs.org/date-fns/-/date-fns-1.30.1.tgz",
			"integrity": "sha512-hBSVCvSmWC+QypYObzwGOd9wqdDpOt+0wl0KbU+R+uuZBS1jN8VsD1ss3irQDknRj5NvxiTF6oj/nDRnN/UQNw=="
		},
		"es6-object-assign": {
			"version": "1.1.0",
			"resolved": "https://registry.npmjs.org/es6-object-assign/-/es6-object-assign-1.1.0.tgz",
			"integrity": "sha1-wsNYJlYkfDnqEHyx5mUrb58kUjw="
		},
		"lodash.kebabcase": {
			"version": "4.1.1",
			"resolved": "https://registry.npmjs.org/lodash.kebabcase/-/lodash.kebabcase-4.1.1.tgz",
			"integrity": "sha1-hImxyw0p/4gZXM7KRI/21swpXDY="
		},
		"pluralize": {
			"version": "7.0.0",
			"resolved": "https://registry.npmjs.org/pluralize/-/pluralize-7.0.0.tgz",
			"integrity": "sha512-ARhBOdzS3e41FbkW/XWrTEtukqqLoK5+Z/4UeDaLuSW+39JPeFgs4gCGqsrJHVZX0fUrx//4OF0K1CUGwlIFow=="
		},
		"striptags": {
			"version": "3.1.1",
			"resolved": "https://registry.npmjs.org/striptags/-/striptags-3.1.1.tgz",
			"integrity": "sha1-yMPn/db7S7OjKjt1LltePjgJPr0="
		},
		"validator": {
			"version": "10.11.0",
			"resolved": "https://registry.npmjs.org/validator/-/validator-10.11.0.tgz",
			"integrity": "sha512-X/p3UZerAIsbBfN/IwahhYaBbY68EN/UQBWHtsbXGT5bfrH/p4NQzUCG1kF/rtKaNpnJ7jAu6NGTdSNtyNIXMw=="
		}
	}
}
