{
	"name": "indicative-rules",
	"version": "5.0.8",
	"lockfileVersion": 1,
	"requires": true,
	"dependencies": {
		"date-fns": {
			"version": "1.30.1",
			"resolved": "https://registry.npmjs.org/date-fns/-/date-fns-1.30.1.tgz",
			"integrity": "sha512-hBSVCvSmWC+QypYObzwGOd9wqdDpOt+0wl0KbU+R+uuZBS1jN8VsD1ss3irQDknRj5NvxiTF6oj/nDRnN/UQNw=="
		},
		"validator": {
			"version": "10.11.0",
			"resolved": "https://registry.npmjs.org/validator/-/validator-10.11.0.tgz",
			"integrity": "sha512-X/p3UZerAIsbBfN/IwahhYaBbY68EN/UQBWHtsbXGT5bfrH/p4NQzUCG1kF/rtKaNpnJ7jAu6NGTdSNtyNIXMw=="
		}
	}
}
