{
  "name": "indicative-rules",
  "version": "7.0.0",
  "lockfileVersion": 1,
  "requires": true,
  "dependencies": {
    "date-fns": {
      "version": "1.30.1",
      "resolved": "https://registry.npmjs.org/date-fns/-/date-fns-1.30.1.tgz",
      "integrity": "sha512-hBSVCvSmWC+QypYObzwGOd9wqdDpOt+0wl0KbU+R+uuZBS1jN8VsD1ss3irQDknRj5NvxiTF6oj/nDRnN/UQNw=="
    },
    "indicative-compiler": {
      "version": "7.0.0",
      "dev": true,
      "requires": {
        "indicative-parser": "^7.0.0"
      },
      "dependencies": {
        "benchmark": {
          "version": "2.1.4",
          "bundled": true,
          "requires": {
            "lodash": "^4.17.4",
            "platform": "^1.3.3"
          }
        },
        "indicative-parser": {
          "version": "7.0.0",
          "bundled": true,
          "dev": true,
          "dependencies": {
            "haye": {
              "version": "2.0.2",
              "bundled": true
            }
          }
        },
        "lodash": {
          "version": "4.17.11",
          "bundled": true
        },
        "platform": {
          "version": "1.3.5",
          "bundled": true
        },
        "pope": {
          "version": "2.0.2",
          "bundled": true
        }
      }
    },
    "indicative-parser": {
      "version": "7.0.0",
      "dev": true,
      "dependencies": {
        "haye": {
          "version": "2.0.2",
          "bundled": true
        }
      }
    },
    "indicative-utils": {
      "version": "7.0.0",
      "dev": true
    },
    "validator": {
      "version": "10.11.0",
      "resolved": "https://registry.npmjs.org/validator/-/validator-10.11.0.tgz",
      "integrity": "sha512-X/p3UZerAIsbBfN/IwahhYaBbY68EN/UQBWHtsbXGT5bfrH/p4NQzUCG1kF/rtKaNpnJ7jAu6NGTdSNtyNIXMw=="
    }
  }
}
