{
  "name": "indicative-formatters",
  "version": "6.0.1",
  "lockfileVersion": 1,
  "requires": true,
  "dependencies": {
    "indicative-compiler": {
      "version": "6.0.0",
      "resolved": "https://registry.npmjs.org/indicative-compiler/-/indicative-compiler-6.0.0.tgz",
      "integrity": "sha512-XaoAEZ+jX/0ueLziCvAGxCGeGNTlAy94nCzaWthepzgGK8VbpkJTLGMhjeOiRyznN5EqSa0A5izTOVlA7jI6RA==",
      "dev": true
    }
  }
}
