{
  "name": "indicative-formatters",
  "version": "7.0.0",
  "lockfileVersion": 1,
  "requires": true,
  "dependencies": {
    "indicative-compiler": {
      "version": "7.0.0",
      "resolved": "https://registry.npmjs.org/indicative-compiler/-/indicative-compiler-7.0.0.tgz",
      "integrity": "sha512-EeFiUtafsvUoGQC2A7uyuDJL8buaoolOmAEIyG2NSaGm8swD1sjxdLj2/oHLQwXiPUwKUVlRHX3ByO1glCOYPQ==",
      "requires": {
        "indicative-parser": "^7.0.0"
      }
    },
    "indicative-parser": {
      "version": "7.0.0",
      "resolved": "https://registry.npmjs.org/indicative-parser/-/indicative-parser-7.0.0.tgz",
      "integrity": "sha512-ML62A/xapl9hi3qz7T3W7EqBXjOU5sUg8BWh4/hQcX3DN6WXzV/j2fTTKOBGOIDBqgTu2fssLvdQcqEJAIPTEg=="
    }
  }
}
